
Microsoft Visual Studio Solution File, Format Version 10.00
# Visual Studio 2008
Project("{FAE04EC0-301F-11D3-BF4B-00C04F79EFBC}") = "Prototipo", "Prototipo.csproj", "{E8814B7B-7DF8-4508-8402-993B4ECF0895}"
EndProject
Global
	GlobalSection(SolutionConfigurationPlatforms) = preSolution
		Debug|Any CPU = Debug|Any CPU
		Release|Any CPU = Release|Any CPU
	EndGlobalSection
	GlobalSection(ProjectConfigurationPlatforms) = postSolution
		{E8814B7B-7DF8-4508-8402-993B4ECF0895}.Debug|Any CPU.ActiveCfg = Debug|Any CPU
		{E8814B7B-7DF8-4508-8402-993B4ECF0895}.Debug|Any CPU.Build.0 = Debug|Any CPU
		{E8814B7B-7DF8-4508-8402-993B4ECF0895}.Release|Any CPU.ActiveCfg = Release|Any CPU
		{E8814B7B-7DF8-4508-8402-993B4ECF0895}.Release|Any CPU.Build.0 = Release|Any CPU
	EndGlobalSection
	GlobalSection(SolutionProperties) = preSolution
		HideSolutionNode = FALSE
	EndGlobalSection
EndGlobal
